
Microsoft Visual Studio Solution File, Format Version 12.00
# Visual Studio Version 16
VisualStudioVersion = 16.0.31911.196
MinimumVisualStudioVersion = 10.0.40219.1
Project("{FAE04EC0-301F-11D3-BF4B-00C04F79EFBC}") = "Final__Convert_NmapXML_To_Word_01", "Final__Convert_NmapXML_To_Word_01\Final__Convert_NmapXML_To_Word_01.csproj", "{EB548EC5-5B3F-4269-85BE-8733AA42331C}"
EndProject
Global
	GlobalSection(SolutionConfigurationPlatforms) = preSolution
		Debug|Any CPU = Debug|Any CPU
		Release|Any CPU = Release|Any CPU
	EndGlobalSection
	GlobalSection(ProjectConfigurationPlatforms) = postSolution
		{EB548EC5-5B3F-4269-85BE-8733AA42331C}.Debug|Any CPU.ActiveCfg = Debug|Any CPU
		{EB548EC5-5B3F-4269-85BE-8733AA42331C}.Debug|Any CPU.Build.0 = Debug|Any CPU
		{EB548EC5-5B3F-4269-85BE-8733AA42331C}.Release|Any CPU.ActiveCfg = Release|Any CPU
		{EB548EC5-5B3F-4269-85BE-8733AA42331C}.Release|Any CPU.Build.0 = Release|Any CPU
	EndGlobalSection
	GlobalSection(SolutionProperties) = preSolution
		HideSolutionNode = FALSE
	EndGlobalSection
	GlobalSection(ExtensibilityGlobals) = postSolution
		SolutionGuid = {0B9A788C-F586-404B-BF87-94DD2F781BB2}
	EndGlobalSection
EndGlobal
